
Microsoft Visual Studio Solution File, Format Version 12.00
# Visual Studio 15
VisualStudioVersion = 15.0.28307.168
MinimumVisualStudioVersion = 10.0.40219.1
Project("{FAE04EC0-301F-11D3-BF4B-00C04F79EFBC}") = "ReverseColorsRGB", "ReverseColors\ReverseColorsRGB.csproj", "{5846C6DB-1AB2-470E-9C8B-342173C594E1}"
EndProject
Global
	GlobalSection(SolutionConfigurationPlatforms) = preSolution
		Debug|Any CPU = Debug|Any CPU
		Release|Any CPU = Release|Any CPU
	EndGlobalSection
	GlobalSection(ProjectConfigurationPlatforms) = postSolution
		{5846C6DB-1AB2-470E-9C8B-342173C594E1}.Debug|Any CPU.ActiveCfg = Debug|Any CPU
		{5846C6DB-1AB2-470E-9C8B-342173C594E1}.Debug|Any CPU.Build.0 = Debug|Any CPU
		{5846C6DB-1AB2-470E-9C8B-342173C594E1}.Release|Any CPU.ActiveCfg = Release|Any CPU
		{5846C6DB-1AB2-470E-9C8B-342173C594E1}.Release|Any CPU.Build.0 = Release|Any CPU
	EndGlobalSection
	GlobalSection(SolutionProperties) = preSolution
		HideSolutionNode = FALSE
	EndGlobalSection
	GlobalSection(ExtensibilityGlobals) = postSolution
		SolutionGuid = {30DF79D9-D31D-480E-BC20-418F69EC64D2}
	EndGlobalSection
EndGlobal
